
Microsoft Visual Studio Solution File, Format Version 12.00
# Visual Studio Version 17
VisualStudioVersion = 17.4.33213.308
MinimumVisualStudioVersion = 10.0.40219.1
Project("{FAE04EC0-301F-11D3-BF4B-00C04F79EFBC}") = "Extraordinario2223", "ConsoleApp2\Extraordinario2223.csproj", "{210D2AAE-E96D-408D-BECF-AFFE282993F1}"
EndProject
Project("{FAE04EC0-301F-11D3-BF4B-00C04F79EFBC}") = "UnitTestProject1", "UnitTestProject1\UnitTestProject1.csproj", "{59D178AC-EBB8-40FF-BD43-7A42AE929A27}"
EndProject
Global
	GlobalSection(SolutionConfigurationPlatforms) = preSolution
		Debug|Any CPU = Debug|Any CPU
		Release|Any CPU = Release|Any CPU
	EndGlobalSection
	GlobalSection(ProjectConfigurationPlatforms) = postSolution
		{210D2AAE-E96D-408D-BECF-AFFE282993F1}.Debug|Any CPU.ActiveCfg = Debug|Any CPU
		{210D2AAE-E96D-408D-BECF-AFFE282993F1}.Debug|Any CPU.Build.0 = Debug|Any CPU
		{210D2AAE-E96D-408D-BECF-AFFE282993F1}.Release|Any CPU.ActiveCfg = Release|Any CPU
		{210D2AAE-E96D-408D-BECF-AFFE282993F1}.Release|Any CPU.Build.0 = Release|Any CPU
		{59D178AC-EBB8-40FF-BD43-7A42AE929A27}.Debug|Any CPU.ActiveCfg = Debug|Any CPU
		{59D178AC-EBB8-40FF-BD43-7A42AE929A27}.Debug|Any CPU.Build.0 = Debug|Any CPU
		{59D178AC-EBB8-40FF-BD43-7A42AE929A27}.Release|Any CPU.ActiveCfg = Release|Any CPU
		{59D178AC-EBB8-40FF-BD43-7A42AE929A27}.Release|Any CPU.Build.0 = Release|Any CPU
	EndGlobalSection
	GlobalSection(SolutionProperties) = preSolution
		HideSolutionNode = FALSE
	EndGlobalSection
	GlobalSection(ExtensibilityGlobals) = postSolution
		SolutionGuid = {E98E764B-A238-4E4B-A6B1-0503720FB257}
	EndGlobalSection
EndGlobal
