
Microsoft Visual Studio Solution File, Format Version 12.00
# Visual Studio Version 17
VisualStudioVersion = 17.7.34031.279
MinimumVisualStudioVersion = 10.0.40219.1
Project("{FAE04EC0-301F-11D3-BF4B-00C04F79EFBC}") = "Ent_02_02_Telegrama", "Ent_02_02_Telegrama\Ent_02_02_Telegrama.csproj", "{2EC07F7D-B9D6-420F-9902-CF58142EA9AB}"
EndProject
Global
	GlobalSection(SolutionConfigurationPlatforms) = preSolution
		Debug|Any CPU = Debug|Any CPU
		Release|Any CPU = Release|Any CPU
	EndGlobalSection
	GlobalSection(ProjectConfigurationPlatforms) = postSolution
		{2EC07F7D-B9D6-420F-9902-CF58142EA9AB}.Debug|Any CPU.ActiveCfg = Debug|Any CPU
		{2EC07F7D-B9D6-420F-9902-CF58142EA9AB}.Debug|Any CPU.Build.0 = Debug|Any CPU
		{2EC07F7D-B9D6-420F-9902-CF58142EA9AB}.Release|Any CPU.ActiveCfg = Release|Any CPU
		{2EC07F7D-B9D6-420F-9902-CF58142EA9AB}.Release|Any CPU.Build.0 = Release|Any CPU
	EndGlobalSection
	GlobalSection(SolutionProperties) = preSolution
		HideSolutionNode = FALSE
	EndGlobalSection
	GlobalSection(ExtensibilityGlobals) = postSolution
		SolutionGuid = {076491EC-4C7E-451D-8010-CF3BBC756D81}
	EndGlobalSection
EndGlobal
